
Microsoft Visual Studio Solution File, Format Version 11.00
# Visual Studio 2010
Project("{8BC9CEB8-8B4A-11D0-8D11-00A0C91BC942}") = "MastermindCLR", "MastermindCLR.vcxproj", "{97FC5AD1-2623-4644-B63A-E1135787CD25}"
EndProject
Global
	GlobalSection(SolutionConfigurationPlatforms) = preSolution
		Debug|Win32 = Debug|Win32
		Release|Win32 = Release|Win32
	EndGlobalSection
	GlobalSection(ProjectConfigurationPlatforms) = postSolution
		{97FC5AD1-2623-4644-B63A-E1135787CD25}.Debug|Win32.ActiveCfg = Debug|Win32
		{97FC5AD1-2623-4644-B63A-E1135787CD25}.Debug|Win32.Build.0 = Debug|Win32
		{97FC5AD1-2623-4644-B63A-E1135787CD25}.Release|Win32.ActiveCfg = Release|Win32
		{97FC5AD1-2623-4644-B63A-E1135787CD25}.Release|Win32.Build.0 = Release|Win32
	EndGlobalSection
	GlobalSection(SolutionProperties) = preSolution
		HideSolutionNode = FALSE
	EndGlobalSection
EndGlobal
