
Microsoft Visual Studio Solution File, Format Version 11.00
# Visual Studio 2010
Project("{8BC9CEB8-8B4A-11D0-8D11-00A0C91BC942}") = "Mastermind", "Mastermind.vcxproj", "{CD467DA3-9345-468C-B35E-5A3C1B182733}"
EndProject
Global
	GlobalSection(SolutionConfigurationPlatforms) = preSolution
		Debug|Win32 = Debug|Win32
		Release|Win32 = Release|Win32
	EndGlobalSection
	GlobalSection(ProjectConfigurationPlatforms) = postSolution
		{CD467DA3-9345-468C-B35E-5A3C1B182733}.Debug|Win32.ActiveCfg = Debug|Win32
		{CD467DA3-9345-468C-B35E-5A3C1B182733}.Debug|Win32.Build.0 = Debug|Win32
		{CD467DA3-9345-468C-B35E-5A3C1B182733}.Release|Win32.ActiveCfg = Release|Win32
		{CD467DA3-9345-468C-B35E-5A3C1B182733}.Release|Win32.Build.0 = Release|Win32
	EndGlobalSection
	GlobalSection(SolutionProperties) = preSolution
		HideSolutionNode = FALSE
	EndGlobalSection
EndGlobal
